Microsoft Visual Studio Solution File, Format Version 11.00
# Visual Studio 2008

Project("{DF2783F1-EE69-BAE8-86BF-87692B504DDD}") = "StandardGame", "Assembly-CSharp.csproj", "{7BDC5837-C62B-B7B6-D66F-99E7E030E822}"
EndProject
Global
	GlobalSection(SolutionConfigurationPlatforms) = preSolution
		Debug|Any CPU = Debug|Any CPU
		Release|Any CPU = Release|Any CPU
	EndGlobalSection
	GlobalSection(ProjectConfigurationPlatforms) = postSolution
		{7BDC5837-C62B-B7B6-D66F-99E7E030E822}.Debug|Any CPU.ActiveCfg = Debug|Any CPU
		{7BDC5837-C62B-B7B6-D66F-99E7E030E822}.Debug|Any CPU.Build.0 = Debug|Any CPU
		{7BDC5837-C62B-B7B6-D66F-99E7E030E822}.Release|Any CPU.ActiveCfg = Release|Any CPU
		{7BDC5837-C62B-B7B6-D66F-99E7E030E822}.Release|Any CPU.Build.0 = Release|Any CPU
	EndGlobalSection
	GlobalSection(SolutionProperties) = preSolution
		HideSolutionNode = FALSE
	EndGlobalSection
	GlobalSection(MonoDevelopProperties) = preSolution
		StartupItem = Assembly-CSharp.csproj
	EndGlobalSection
EndGlobal
